github.com/fatih/color v1.7.0 h1:DkWD4oS2D8LGGgTQ6IvwJJXSL5Vp2ffcQg58nFV38Ys=
github.com/fatih/color v1.7.0/go.mod h1:Zm6kSWBoL9eyXnKyktHP6abPY2pDugNf5KwzbycvMj4=
github.com/gtrafimenkov/markdown-toc v0.0.0-20180711171242-052fe5118418 h1:txqrE8pz03GkxYqsHhZv6S1a7bgrX5wtj4aldwltjGw=
github.com/gtrafimenkov/markdown-toc v0.0.0-20180711171242-052fe5118418/go.mod h1:TSuUaQX5wNmD7qC/AUqMqAXY+MEkzyvR+SORFNRjchM=
github.com/mattn/go-colorable v0.0.9 h1:UVL0vNpWh04HeJXV0KLcaT7r06gOH2l4OW6ddYRUIY4=
github.com/mattn/go-colorable v0.0.9/go.mod h1:9vuHe8Xs5qXnSaW/c/ABM9alt+Vo+STaOChaDxuIBZU=
github.com/mattn/go-isatty v0.0.4 h1:bnP0vzxcAdeI1zdubAl5PjU6zsERjGZb7raWodagDYs=
github.com/mattn/go-isatty v0.0.4/go.mod h1:M+lRXTBqGeGNdLjl/ufCoiOlB5xdOkqRJdNxMWT7Zi4=
github.com/pmezard/go-difflib v1.0.0 h1:4DBwDE0NGyQoBHbLQYPwSUPoCMWR5BEzIk/f1lZbAQM=
github.com/pmezard/go-difflib v1.0.0/go.mod h1:iKH77koFhYxTK1pcRnkKkqfTogsbg7gZNVY4sRDYZ/4=
github.com/writeas/go-strip-markdown v0.0.0-20180226051418-6e12ec30f699 h1:F4l49enU6YUW0CuYyYCMiCDziy69/+TA0RMGpZ3cfzk=
github.com/writeas/go-strip-markdown v0.0.0-20180226051418-6e12ec30f699/go.mod h1:Rsyu10ZhbEK9pXdk8V6MVnZmTzRG0alMNLMwa0J01fE=
